dependencies:
  espressif/esp_codec_dev:
    component_hash: 420a8a931f8bdfc74ae89c4d2ce634823d10e1865b1e9bdb8428bfe4a1060def
    dependencies:
    - name: idf
      require: private
      version: '>=4.0'
    source:
      registry_url: https://components.espressif.com/
      type: service
    version: 1.3.6
  idf:
    source:
      type: idf
    version: 5.5.3
direct_dependencies:
- espressif/esp_codec_dev
manifest_hash: 3507784d0860ec226d1297cb0217bf99c8c45daa01c04a8881cf0af6fa8218f6
target: esp32s3
version: 2.0.0
